
Microsoft Visual Studio Solution File, Format Version 12.00
# Visual Studio Version 17
VisualStudioVersion = 17.14.36518.9 d17.14
MinimumVisualStudioVersion = 10.0.40219.1
Project("{FAE04EC0-301F-11D3-BF4B-00C04F79EFBC}") = "MedicalScanner", "MedicalScanner.csproj", "{9C2A40A0-7905-46EA-9FF3-71958998E230}"
EndProject
Global
	GlobalSection(SolutionConfigurationPlatforms) = preSolution
		Debug|Any CPU = Debug|Any CPU
		Release|Any CPU = Release|Any CPU
	EndGlobalSection
	GlobalSection(ProjectConfigurationPlatforms) = postSolution
		{9C2A40A0-7905-46EA-9FF3-71958998E230}.Debug|Any CPU.ActiveCfg = Debug|Any CPU
		{9C2A40A0-7905-46EA-9FF3-71958998E230}.Debug|Any CPU.Build.0 = Debug|Any CPU
		{9C2A40A0-7905-46EA-9FF3-71958998E230}.Release|Any CPU.ActiveCfg = Release|Any CPU
		{9C2A40A0-7905-46EA-9FF3-71958998E230}.Release|Any CPU.Build.0 = Release|Any CPU
	EndGlobalSection
	GlobalSection(SolutionProperties) = preSolution
		HideSolutionNode = FALSE
	EndGlobalSection
	GlobalSection(ExtensibilityGlobals) = postSolution
		SolutionGuid = {70385365-43BB-4800-B974-F46DBEED1E84}
	EndGlobalSection
EndGlobal
